
Microsoft Visual Studio Solution File, Format Version 12.00
# Visual Studio Version 16
VisualStudioVersion = 16.0.29806.167
MinimumVisualStudioVersion = 10.0.40219.1
Project("{FAE04EC0-301F-11D3-BF4B-00C04F79EFBC}") = "ArrayPrat", "ArrayPrat\ArrayPrat.csproj", "{7B464DEB-11EB-4F35-85BA-F5EA42B8974F}"
EndProject
Global
	GlobalSection(SolutionConfigurationPlatforms) = preSolution
		Debug|Any CPU = Debug|Any CPU
		Release|Any CPU = Release|Any CPU
	EndGlobalSection
	GlobalSection(ProjectConfigurationPlatforms) = postSolution
		{7B464DEB-11EB-4F35-85BA-F5EA42B8974F}.Debug|Any CPU.ActiveCfg = Debug|Any CPU
		{7B464DEB-11EB-4F35-85BA-F5EA42B8974F}.Debug|Any CPU.Build.0 = Debug|Any CPU
		{7B464DEB-11EB-4F35-85BA-F5EA42B8974F}.Release|Any CPU.ActiveCfg = Release|Any CPU
		{7B464DEB-11EB-4F35-85BA-F5EA42B8974F}.Release|Any CPU.Build.0 = Release|Any CPU
	EndGlobalSection
	GlobalSection(SolutionProperties) = preSolution
		HideSolutionNode = FALSE
	EndGlobalSection
	GlobalSection(ExtensibilityGlobals) = postSolution
		SolutionGuid = {6ECBFE74-0DF0-420A-940F-450D029B4F38}
	EndGlobalSection
EndGlobal
